
Microsoft Visual Studio Solution File, Format Version 12.00
# Visual Studio 2013
VisualStudioVersion = 12.0.21005.1
MinimumVisualStudioVersion = 10.0.40219.1
Project("{FAE04EC0-301F-11D3-BF4B-00C04F79EFBC}") = "GameForestDatabaseConnector", "GameForestDatabaseConnector\GameForestDatabaseConnector.csproj", "{4D8182B9-0284-4C28-829E-652D2D4297D7}"
EndProject
Project("{FAE04EC0-301F-11D3-BF4B-00C04F79EFBC}") = "GameForestCore", "GameForestCore\GameForestCore.csproj", "{95B76B85-36C6-424A-A6E9-7F7EBB0230B6}"
EndProject
Project("{FAE04EC0-301F-11D3-BF4B-00C04F79EFBC}") = "GameForestCoreWebSocket", "GameForestGameCore\GameForestCoreWebSocket.csproj", "{1E0D7A59-462B-46BD-9102-A327132D39E7}"
EndProject
Project("{FAE04EC0-301F-11D3-BF4B-00C04F79EFBC}") = "GameForestConsoleCmd", "GameForestConsoleCmd\GameForestConsoleCmd.csproj", "{07374754-AD49-43F5-A28B-34EE976BDC72}"
EndProject
Global
	GlobalSection(SolutionConfigurationPlatforms) = preSolution
		Debug|Any CPU = Debug|Any CPU
		Release|Any CPU = Release|Any CPU
	EndGlobalSection
	GlobalSection(ProjectConfigurationPlatforms) = postSolution
		{4D8182B9-0284-4C28-829E-652D2D4297D7}.Debug|Any CPU.ActiveCfg = Debug|Any CPU
		{4D8182B9-0284-4C28-829E-652D2D4297D7}.Debug|Any CPU.Build.0 = Debug|Any CPU
		{4D8182B9-0284-4C28-829E-652D2D4297D7}.Release|Any CPU.ActiveCfg = Release|Any CPU
		{4D8182B9-0284-4C28-829E-652D2D4297D7}.Release|Any CPU.Build.0 = Release|Any CPU
		{95B76B85-36C6-424A-A6E9-7F7EBB0230B6}.Debug|Any CPU.ActiveCfg = Debug|Any CPU
		{95B76B85-36C6-424A-A6E9-7F7EBB0230B6}.Debug|Any CPU.Build.0 = Debug|Any CPU
		{95B76B85-36C6-424A-A6E9-7F7EBB0230B6}.Release|Any CPU.ActiveCfg = Release|Any CPU
		{95B76B85-36C6-424A-A6E9-7F7EBB0230B6}.Release|Any CPU.Build.0 = Release|Any CPU
		{1E0D7A59-462B-46BD-9102-A327132D39E7}.Debug|Any CPU.ActiveCfg = Debug|Any CPU
		{1E0D7A59-462B-46BD-9102-A327132D39E7}.Debug|Any CPU.Build.0 = Debug|Any CPU
		{1E0D7A59-462B-46BD-9102-A327132D39E7}.Release|Any CPU.ActiveCfg = Release|Any CPU
		{1E0D7A59-462B-46BD-9102-A327132D39E7}.Release|Any CPU.Build.0 = Release|Any CPU
		{07374754-AD49-43F5-A28B-34EE976BDC72}.Debug|Any CPU.ActiveCfg = Debug|Any CPU
		{07374754-AD49-43F5-A28B-34EE976BDC72}.Debug|Any CPU.Build.0 = Debug|Any CPU
		{07374754-AD49-43F5-A28B-34EE976BDC72}.Release|Any CPU.ActiveCfg = Release|Any CPU
		{07374754-AD49-43F5-A28B-34EE976BDC72}.Release|Any CPU.Build.0 = Release|Any CPU
	EndGlobalSection
	GlobalSection(SolutionProperties) = preSolution
		HideSolutionNode = FALSE
	EndGlobalSection
EndGlobal
