
Microsoft Visual Studio Solution File, Format Version 12.00
# Visual Studio 2012
Project("{FAE04EC0-301F-11D3-BF4B-00C04F79EFBC}") = "GameForestCore", "GameForestCore\GameForestCore.csproj", "{95B76B85-36C6-424A-A6E9-7F7EBB0230B6}"
EndProject
Project("{FAE04EC0-301F-11D3-BF4B-00C04F79EFBC}") = "GameForestConsole", "GameForestConsole\GameForestConsole.csproj", "{8139216D-4DF4-467D-B3B1-9CFA9720221B}"
EndProject
Project("{00D1A9C2-B5F0-4AF3-8072-F6C62B433612}") = "GameForestDatabase", "GameForestDatabase\GameForestDatabase.sqlproj", "{8E5B778D-4B7A-42B1-8BFC-0620C89AB2CA}"
EndProject
Global
	GlobalSection(SolutionConfigurationPlatforms) = preSolution
		Debug|Any CPU = Debug|Any CPU
		Release|Any CPU = Release|Any CPU
	EndGlobalSection
	GlobalSection(ProjectConfigurationPlatforms) = postSolution
		{95B76B85-36C6-424A-A6E9-7F7EBB0230B6}.Debug|Any CPU.ActiveCfg = Debug|Any CPU
		{95B76B85-36C6-424A-A6E9-7F7EBB0230B6}.Debug|Any CPU.Build.0 = Debug|Any CPU
		{95B76B85-36C6-424A-A6E9-7F7EBB0230B6}.Release|Any CPU.ActiveCfg = Release|Any CPU
		{95B76B85-36C6-424A-A6E9-7F7EBB0230B6}.Release|Any CPU.Build.0 = Release|Any CPU
		{8139216D-4DF4-467D-B3B1-9CFA9720221B}.Debug|Any CPU.ActiveCfg = Debug|Any CPU
		{8139216D-4DF4-467D-B3B1-9CFA9720221B}.Debug|Any CPU.Build.0 = Debug|Any CPU
		{8139216D-4DF4-467D-B3B1-9CFA9720221B}.Release|Any CPU.ActiveCfg = Release|Any CPU
		{8139216D-4DF4-467D-B3B1-9CFA9720221B}.Release|Any CPU.Build.0 = Release|Any CPU
		{8E5B778D-4B7A-42B1-8BFC-0620C89AB2CA}.Debug|Any CPU.ActiveCfg = Debug|Any CPU
		{8E5B778D-4B7A-42B1-8BFC-0620C89AB2CA}.Debug|Any CPU.Build.0 = Debug|Any CPU
		{8E5B778D-4B7A-42B1-8BFC-0620C89AB2CA}.Debug|Any CPU.Deploy.0 = Debug|Any CPU
		{8E5B778D-4B7A-42B1-8BFC-0620C89AB2CA}.Release|Any CPU.ActiveCfg = Release|Any CPU
		{8E5B778D-4B7A-42B1-8BFC-0620C89AB2CA}.Release|Any CPU.Build.0 = Release|Any CPU
		{8E5B778D-4B7A-42B1-8BFC-0620C89AB2CA}.Release|Any CPU.Deploy.0 = Release|Any CPU
	EndGlobalSection
	GlobalSection(SolutionProperties) = preSolution
		HideSolutionNode = FALSE
	EndGlobalSection
EndGlobal
